
Microsoft Visual Studio Solution File, Format Version 12.00
# Visual Studio Version 16
VisualStudioVersion = 16.0.31205.134
MinimumVisualStudioVersion = 10.0.40219.1
Project("{FAE04EC0-301F-11D3-BF4B-00C04F79EFBC}") = "EfMultipleProviders", "EfMultipleProviders\EfMultipleProviders.csproj", "{B52FCEC5-95D1-456B-B83E-19A0F58547FB}"
EndProject
Global
	GlobalSection(SolutionConfigurationPlatforms) = preSolution
		Debug|Any CPU = Debug|Any CPU
		Release|Any CPU = Release|Any CPU
	EndGlobalSection
	GlobalSection(ProjectConfigurationPlatforms) = postSolution
		{B52FCEC5-95D1-456B-B83E-19A0F58547FB}.Debug|Any CPU.ActiveCfg = Debug|Any CPU
		{B52FCEC5-95D1-456B-B83E-19A0F58547FB}.Debug|Any CPU.Build.0 = Debug|Any CPU
		{B52FCEC5-95D1-456B-B83E-19A0F58547FB}.Release|Any CPU.ActiveCfg = Release|Any CPU
		{B52FCEC5-95D1-456B-B83E-19A0F58547FB}.Release|Any CPU.Build.0 = Release|Any CPU
	EndGlobalSection
	GlobalSection(SolutionProperties) = preSolution
		HideSolutionNode = FALSE
	EndGlobalSection
	GlobalSection(ExtensibilityGlobals) = postSolution
		SolutionGuid = {7A0426A3-5C78-4881-AB00-86851FDE1EBC}
	EndGlobalSection
EndGlobal
